
Microsoft Visual Studio Solution File, Format Version 12.00
# Visual Studio Version 17
VisualStudioVersion = 17.0.31903.59
MinimumVisualStudioVersion = 10.0.40219.1
Project("{9A19103F-16F7-4668-BE54-9A1E7A4F7556}") = "Aigent.Core", "src\Aigent.Core\Aigent.Core.csproj", "{1A2B3C4D-5E6F-7A8B-9C0D-1E2F3A4B5C6D}"
EndProject
Project("{9A19103F-16F7-4668-BE54-9A1E7A4F7556}") = "Aigent.Memory", "src\Aigent.Memory\Aigent.Memory.csproj", "{2B3C4D5E-6F7A-8B9C-0D1E-2F3A4B5C6D7E}"
EndProject
Project("{9A19103F-16F7-4668-BE54-9A1E7A4F7556}") = "Aigent.Safety", "src\Aigent.Safety\Aigent.Safety.csproj", "{3C4D5E6F-7A8B-9C0D-1E2F-3A4B5C6D7E8F}"
EndProject
Project("{9A19103F-16F7-4668-BE54-9A1E7A4F7556}") = "Aigent.Communication", "src\Aigent.Communication\Aigent.Communication.csproj", "{4D5E6F7A-8B9C-0D1E-2F3A-4B5C6D7E8F9A}"
EndProject
Project("{9A19103F-16F7-4668-BE54-9A1E7A4F7556}") = "Aigent.Monitoring", "src\Aigent.Monitoring\Aigent.Monitoring.csproj", "{5E6F7A8B-9C0D-1E2F-3A4B-5C6D7E8F9A0B}"
EndProject
Project("{9A19103F-16F7-4668-BE54-9A1E7A4F7556}") = "Aigent.Configuration", "src\Aigent.Configuration\Aigent.Configuration.csproj", "{6F7A8B9C-0D1E-2F3A-4B5C-6D7E8F9A0B1C}"
EndProject
Project("{9A19103F-16F7-4668-BE54-9A1E7A4F7556}") = "Aigent.Orchestration", "src\Aigent.Orchestration\Aigent.Orchestration.csproj", "{7A8B9C0D-1E2F-3A4B-5C6D-7E8F9A0B1C2D}"
EndProject
Project("{9A19103F-16F7-4668-BE54-9A1E7A4F7556}") = "Aigent.Api", "src\Aigent.Api\Aigent.Api.csproj", "{8B9C0D1E-2F3A-4B5C-6D7E-8F9A0B1C2D3E}"
EndProject
Project("{9A19103F-16F7-4668-BE54-9A1E7A4F7556}") = "Aigent.Client", "src\Aigent.Client\Aigent.Client.csproj", "{9C0D1E2F-3A4B-5C6D-7E8F-9A0B1C2D3E4F}"
EndProject
Project("{9A19103F-16F7-4668-BE54-9A1E7A4F7556}") = "Aigent.Examples", "src\Aigent.Examples\Aigent.Examples.csproj", "{0D1E2F3A-4B5C-6D7E-8F9A-0B1C2D3E4F5A}"
EndProject
Project("{2150E333-8FDC-42A3-9474-1A3956D46DE8}") = "Solution Items", "Solution Items", "{1E2F3A4B-5C6D-7E8F-9A0B-1C2D3E4F5A6B}"
	ProjectSection(SolutionItems) = preProject
		.editorconfig = .editorconfig
		Directory.Build.props = Directory.Build.props
		global.json = global.json
		README.md = README.md
	EndProjectSection
EndProject
Project("{2150E333-8FDC-42A3-9474-1A3956D46DE8}") = "src", "src", "{2F3A4B5C-6D7E-8F9A-0B1C-2D3E4F5A6B7C}"
EndProject
Project("{2150E333-8FDC-42A3-9474-1A3956D46DE8}") = "tests", "tests", "{3A4B5C6D-7E8F-9A0B-1C2D-3E4F5A6B7C8D}"
EndProject
Project("{9A19103F-16F7-4668-BE54-9A1E7A4F7556}") = "Aigent.Core.Tests", "tests\Aigent.Core.Tests\Aigent.Core.Tests.csproj", "{4B5C6D7E-8F9A-0B1C-2D3E-4F5A6B7C8D9E}"
EndProject
Project("{9A19103F-16F7-4668-BE54-9A1E7A4F7556}") = "Aigent.Memory.Tests", "tests\Aigent.Memory.Tests\Aigent.Memory.Tests.csproj", "{5C6D7E8F-9A0B-1C2D-3E4F-5A6B7C8D9E0F}"
EndProject
Project("{9A19103F-16F7-4668-BE54-9A1E7A4F7556}") = "Aigent.Api.Tests", "tests\Aigent.Api.Tests\Aigent.Api.Tests.csproj", "{6D7E8F9A-0B1C-2D3E-4F5A-6B7C8D9E0F1A}"
EndProject
Project("{FAE04EC0-301F-11D3-BF4B-00C04F79EFBC}") = "Aigent.Monitoring.Tests", "tests\Aigent.Monitoring.Tests\Aigent.Monitoring.Tests.csproj", "{FC1B553D-7BB3-4ED7-984F-33299DEEE9EF}"
EndProject
Global
	GlobalSection(SolutionConfigurationPlatforms) = preSolution
		Debug|Any CPU = Debug|Any CPU
		Debug|x64 = Debug|x64
		Debug|x86 = Debug|x86
		Release|Any CPU = Release|Any CPU
		Release|x64 = Release|x64
		Release|x86 = Release|x86
	EndGlobalSection
	GlobalSection(ProjectConfigurationPlatforms) = postSolution
		{1A2B3C4D-5E6F-7A8B-9C0D-1E2F3A4B5C6D}.Debug|Any CPU.ActiveCfg = Debug|Any CPU
		{1A2B3C4D-5E6F-7A8B-9C0D-1E2F3A4B5C6D}.Debug|Any CPU.Build.0 = Debug|Any CPU
		{1A2B3C4D-5E6F-7A8B-9C0D-1E2F3A4B5C6D}.Debug|x64.ActiveCfg = Debug|Any CPU
		{1A2B3C4D-5E6F-7A8B-9C0D-1E2F3A4B5C6D}.Debug|x64.Build.0 = Debug|Any CPU
		{1A2B3C4D-5E6F-7A8B-9C0D-1E2F3A4B5C6D}.Debug|x86.ActiveCfg = Debug|Any CPU
		{1A2B3C4D-5E6F-7A8B-9C0D-1E2F3A4B5C6D}.Debug|x86.Build.0 = Debug|Any CPU
		{1A2B3C4D-5E6F-7A8B-9C0D-1E2F3A4B5C6D}.Release|Any CPU.ActiveCfg = Release|Any CPU
		{1A2B3C4D-5E6F-7A8B-9C0D-1E2F3A4B5C6D}.Release|Any CPU.Build.0 = Release|Any CPU
		{1A2B3C4D-5E6F-7A8B-9C0D-1E2F3A4B5C6D}.Release|x64.ActiveCfg = Release|Any CPU
		{1A2B3C4D-5E6F-7A8B-9C0D-1E2F3A4B5C6D}.Release|x64.Build.0 = Release|Any CPU
		{1A2B3C4D-5E6F-7A8B-9C0D-1E2F3A4B5C6D}.Release|x86.ActiveCfg = Release|Any CPU
		{1A2B3C4D-5E6F-7A8B-9C0D-1E2F3A4B5C6D}.Release|x86.Build.0 = Release|Any CPU
		{2B3C4D5E-6F7A-8B9C-0D1E-2F3A4B5C6D7E}.Debug|Any CPU.ActiveCfg = Debug|Any CPU
		{2B3C4D5E-6F7A-8B9C-0D1E-2F3A4B5C6D7E}.Debug|Any CPU.Build.0 = Debug|Any CPU
		{2B3C4D5E-6F7A-8B9C-0D1E-2F3A4B5C6D7E}.Debug|x64.ActiveCfg = Debug|Any CPU
		{2B3C4D5E-6F7A-8B9C-0D1E-2F3A4B5C6D7E}.Debug|x64.Build.0 = Debug|Any CPU
		{2B3C4D5E-6F7A-8B9C-0D1E-2F3A4B5C6D7E}.Debug|x86.ActiveCfg = Debug|Any CPU
		{2B3C4D5E-6F7A-8B9C-0D1E-2F3A4B5C6D7E}.Debug|x86.Build.0 = Debug|Any CPU
		{2B3C4D5E-6F7A-8B9C-0D1E-2F3A4B5C6D7E}.Release|Any CPU.ActiveCfg = Release|Any CPU
		{2B3C4D5E-6F7A-8B9C-0D1E-2F3A4B5C6D7E}.Release|Any CPU.Build.0 = Release|Any CPU
		{2B3C4D5E-6F7A-8B9C-0D1E-2F3A4B5C6D7E}.Release|x64.ActiveCfg = Release|Any CPU
		{2B3C4D5E-6F7A-8B9C-0D1E-2F3A4B5C6D7E}.Release|x64.Build.0 = Release|Any CPU
		{2B3C4D5E-6F7A-8B9C-0D1E-2F3A4B5C6D7E}.Release|x86.ActiveCfg = Release|Any CPU
		{2B3C4D5E-6F7A-8B9C-0D1E-2F3A4B5C6D7E}.Release|x86.Build.0 = Release|Any CPU
		{3C4D5E6F-7A8B-9C0D-1E2F-3A4B5C6D7E8F}.Debug|Any CPU.ActiveCfg = Debug|Any CPU
		{3C4D5E6F-7A8B-9C0D-1E2F-3A4B5C6D7E8F}.Debug|Any CPU.Build.0 = Debug|Any CPU
		{3C4D5E6F-7A8B-9C0D-1E2F-3A4B5C6D7E8F}.Debug|x64.ActiveCfg = Debug|Any CPU
		{3C4D5E6F-7A8B-9C0D-1E2F-3A4B5C6D7E8F}.Debug|x64.Build.0 = Debug|Any CPU
		{3C4D5E6F-7A8B-9C0D-1E2F-3A4B5C6D7E8F}.Debug|x86.ActiveCfg = Debug|Any CPU
		{3C4D5E6F-7A8B-9C0D-1E2F-3A4B5C6D7E8F}.Debug|x86.Build.0 = Debug|Any CPU
		{3C4D5E6F-7A8B-9C0D-1E2F-3A4B5C6D7E8F}.Release|Any CPU.ActiveCfg = Release|Any CPU
		{3C4D5E6F-7A8B-9C0D-1E2F-3A4B5C6D7E8F}.Release|Any CPU.Build.0 = Release|Any CPU
		{3C4D5E6F-7A8B-9C0D-1E2F-3A4B5C6D7E8F}.Release|x64.ActiveCfg = Release|Any CPU
		{3C4D5E6F-7A8B-9C0D-1E2F-3A4B5C6D7E8F}.Release|x64.Build.0 = Release|Any CPU
		{3C4D5E6F-7A8B-9C0D-1E2F-3A4B5C6D7E8F}.Release|x86.ActiveCfg = Release|Any CPU
		{3C4D5E6F-7A8B-9C0D-1E2F-3A4B5C6D7E8F}.Release|x86.Build.0 = Release|Any CPU
		{4D5E6F7A-8B9C-0D1E-2F3A-4B5C6D7E8F9A}.Debug|Any CPU.ActiveCfg = Debug|Any CPU
		{4D5E6F7A-8B9C-0D1E-2F3A-4B5C6D7E8F9A}.Debug|Any CPU.Build.0 = Debug|Any CPU
		{4D5E6F7A-8B9C-0D1E-2F3A-4B5C6D7E8F9A}.Debug|x64.ActiveCfg = Debug|Any CPU
		{4D5E6F7A-8B9C-0D1E-2F3A-4B5C6D7E8F9A}.Debug|x64.Build.0 = Debug|Any CPU
		{4D5E6F7A-8B9C-0D1E-2F3A-4B5C6D7E8F9A}.Debug|x86.ActiveCfg = Debug|Any CPU
		{4D5E6F7A-8B9C-0D1E-2F3A-4B5C6D7E8F9A}.Debug|x86.Build.0 = Debug|Any CPU
		{4D5E6F7A-8B9C-0D1E-2F3A-4B5C6D7E8F9A}.Release|Any CPU.ActiveCfg = Release|Any CPU
		{4D5E6F7A-8B9C-0D1E-2F3A-4B5C6D7E8F9A}.Release|Any CPU.Build.0 = Release|Any CPU
		{4D5E6F7A-8B9C-0D1E-2F3A-4B5C6D7E8F9A}.Release|x64.ActiveCfg = Release|Any CPU
		{4D5E6F7A-8B9C-0D1E-2F3A-4B5C6D7E8F9A}.Release|x64.Build.0 = Release|Any CPU
		{4D5E6F7A-8B9C-0D1E-2F3A-4B5C6D7E8F9A}.Release|x86.ActiveCfg = Release|Any CPU
		{4D5E6F7A-8B9C-0D1E-2F3A-4B5C6D7E8F9A}.Release|x86.Build.0 = Release|Any CPU
		{5E6F7A8B-9C0D-1E2F-3A4B-5C6D7E8F9A0B}.Debug|Any CPU.ActiveCfg = Debug|Any CPU
		{5E6F7A8B-9C0D-1E2F-3A4B-5C6D7E8F9A0B}.Debug|Any CPU.Build.0 = Debug|Any CPU
		{5E6F7A8B-9C0D-1E2F-3A4B-5C6D7E8F9A0B}.Debug|x64.ActiveCfg = Debug|Any CPU
		{5E6F7A8B-9C0D-1E2F-3A4B-5C6D7E8F9A0B}.Debug|x64.Build.0 = Debug|Any CPU
		{5E6F7A8B-9C0D-1E2F-3A4B-5C6D7E8F9A0B}.Debug|x86.ActiveCfg = Debug|Any CPU
		{5E6F7A8B-9C0D-1E2F-3A4B-5C6D7E8F9A0B}.Debug|x86.Build.0 = Debug|Any CPU
		{5E6F7A8B-9C0D-1E2F-3A4B-5C6D7E8F9A0B}.Release|Any CPU.ActiveCfg = Release|Any CPU
		{5E6F7A8B-9C0D-1E2F-3A4B-5C6D7E8F9A0B}.Release|Any CPU.Build.0 = Release|Any CPU
		{5E6F7A8B-9C0D-1E2F-3A4B-5C6D7E8F9A0B}.Release|x64.ActiveCfg = Release|Any CPU
		{5E6F7A8B-9C0D-1E2F-3A4B-5C6D7E8F9A0B}.Release|x64.Build.0 = Release|Any CPU
		{5E6F7A8B-9C0D-1E2F-3A4B-5C6D7E8F9A0B}.Release|x86.ActiveCfg = Release|Any CPU
		{5E6F7A8B-9C0D-1E2F-3A4B-5C6D7E8F9A0B}.Release|x86.Build.0 = Release|Any CPU
		{6F7A8B9C-0D1E-2F3A-4B5C-6D7E8F9A0B1C}.Debug|Any CPU.ActiveCfg = Debug|Any CPU
		{6F7A8B9C-0D1E-2F3A-4B5C-6D7E8F9A0B1C}.Debug|Any CPU.Build.0 = Debug|Any CPU
		{6F7A8B9C-0D1E-2F3A-4B5C-6D7E8F9A0B1C}.Debug|x64.ActiveCfg = Debug|Any CPU
		{6F7A8B9C-0D1E-2F3A-4B5C-6D7E8F9A0B1C}.Debug|x64.Build.0 = Debug|Any CPU
		{6F7A8B9C-0D1E-2F3A-4B5C-6D7E8F9A0B1C}.Debug|x86.ActiveCfg = Debug|Any CPU
		{6F7A8B9C-0D1E-2F3A-4B5C-6D7E8F9A0B1C}.Debug|x86.Build.0 = Debug|Any CPU
		{6F7A8B9C-0D1E-2F3A-4B5C-6D7E8F9A0B1C}.Release|Any CPU.ActiveCfg = Release|Any CPU
		{6F7A8B9C-0D1E-2F3A-4B5C-6D7E8F9A0B1C}.Release|Any CPU.Build.0 = Release|Any CPU
		{6F7A8B9C-0D1E-2F3A-4B5C-6D7E8F9A0B1C}.Release|x64.ActiveCfg = Release|Any CPU
		{6F7A8B9C-0D1E-2F3A-4B5C-6D7E8F9A0B1C}.Release|x64.Build.0 = Release|Any CPU
		{6F7A8B9C-0D1E-2F3A-4B5C-6D7E8F9A0B1C}.Release|x86.ActiveCfg = Release|Any CPU
		{6F7A8B9C-0D1E-2F3A-4B5C-6D7E8F9A0B1C}.Release|x86.Build.0 = Release|Any CPU
		{7A8B9C0D-1E2F-3A4B-5C6D-7E8F9A0B1C2D}.Debug|Any CPU.ActiveCfg = Debug|Any CPU
		{7A8B9C0D-1E2F-3A4B-5C6D-7E8F9A0B1C2D}.Debug|Any CPU.Build.0 = Debug|Any CPU
		{7A8B9C0D-1E2F-3A4B-5C6D-7E8F9A0B1C2D}.Debug|x64.ActiveCfg = Debug|Any CPU
		{7A8B9C0D-1E2F-3A4B-5C6D-7E8F9A0B1C2D}.Debug|x64.Build.0 = Debug|Any CPU
		{7A8B9C0D-1E2F-3A4B-5C6D-7E8F9A0B1C2D}.Debug|x86.ActiveCfg = Debug|Any CPU
		{7A8B9C0D-1E2F-3A4B-5C6D-7E8F9A0B1C2D}.Debug|x86.Build.0 = Debug|Any CPU
		{7A8B9C0D-1E2F-3A4B-5C6D-7E8F9A0B1C2D}.Release|Any CPU.ActiveCfg = Release|Any CPU
		{7A8B9C0D-1E2F-3A4B-5C6D-7E8F9A0B1C2D}.Release|Any CPU.Build.0 = Release|Any CPU
		{7A8B9C0D-1E2F-3A4B-5C6D-7E8F9A0B1C2D}.Release|x64.ActiveCfg = Release|Any CPU
		{7A8B9C0D-1E2F-3A4B-5C6D-7E8F9A0B1C2D}.Release|x64.Build.0 = Release|Any CPU
		{7A8B9C0D-1E2F-3A4B-5C6D-7E8F9A0B1C2D}.Release|x86.ActiveCfg = Release|Any CPU
		{7A8B9C0D-1E2F-3A4B-5C6D-7E8F9A0B1C2D}.Release|x86.Build.0 = Release|Any CPU
		{8B9C0D1E-2F3A-4B5C-6D7E-8F9A0B1C2D3E}.Debug|Any CPU.ActiveCfg = Debug|Any CPU
		{8B9C0D1E-2F3A-4B5C-6D7E-8F9A0B1C2D3E}.Debug|Any CPU.Build.0 = Debug|Any CPU
		{8B9C0D1E-2F3A-4B5C-6D7E-8F9A0B1C2D3E}.Debug|x64.ActiveCfg = Debug|Any CPU
		{8B9C0D1E-2F3A-4B5C-6D7E-8F9A0B1C2D3E}.Debug|x64.Build.0 = Debug|Any CPU
		{8B9C0D1E-2F3A-4B5C-6D7E-8F9A0B1C2D3E}.Debug|x86.ActiveCfg = Debug|Any CPU
		{8B9C0D1E-2F3A-4B5C-6D7E-8F9A0B1C2D3E}.Debug|x86.Build.0 = Debug|Any CPU
		{8B9C0D1E-2F3A-4B5C-6D7E-8F9A0B1C2D3E}.Release|Any CPU.ActiveCfg = Release|Any CPU
		{8B9C0D1E-2F3A-4B5C-6D7E-8F9A0B1C2D3E}.Release|Any CPU.Build.0 = Release|Any CPU
		{8B9C0D1E-2F3A-4B5C-6D7E-8F9A0B1C2D3E}.Release|x64.ActiveCfg = Release|Any CPU
		{8B9C0D1E-2F3A-4B5C-6D7E-8F9A0B1C2D3E}.Release|x64.Build.0 = Release|Any CPU
		{8B9C0D1E-2F3A-4B5C-6D7E-8F9A0B1C2D3E}.Release|x86.ActiveCfg = Release|Any CPU
		{8B9C0D1E-2F3A-4B5C-6D7E-8F9A0B1C2D3E}.Release|x86.Build.0 = Release|Any CPU
		{9C0D1E2F-3A4B-5C6D-7E8F-9A0B1C2D3E4F}.Debug|Any CPU.ActiveCfg = Debug|Any CPU
		{9C0D1E2F-3A4B-5C6D-7E8F-9A0B1C2D3E4F}.Debug|Any CPU.Build.0 = Debug|Any CPU
		{9C0D1E2F-3A4B-5C6D-7E8F-9A0B1C2D3E4F}.Debug|x64.ActiveCfg = Debug|Any CPU
		{9C0D1E2F-3A4B-5C6D-7E8F-9A0B1C2D3E4F}.Debug|x64.Build.0 = Debug|Any CPU
		{9C0D1E2F-3A4B-5C6D-7E8F-9A0B1C2D3E4F}.Debug|x86.ActiveCfg = Debug|Any CPU
		{9C0D1E2F-3A4B-5C6D-7E8F-9A0B1C2D3E4F}.Debug|x86.Build.0 = Debug|Any CPU
		{9C0D1E2F-3A4B-5C6D-7E8F-9A0B1C2D3E4F}.Release|Any CPU.ActiveCfg = Release|Any CPU
		{9C0D1E2F-3A4B-5C6D-7E8F-9A0B1C2D3E4F}.Release|Any CPU.Build.0 = Release|Any CPU
		{9C0D1E2F-3A4B-5C6D-7E8F-9A0B1C2D3E4F}.Release|x64.ActiveCfg = Release|Any CPU
		{9C0D1E2F-3A4B-5C6D-7E8F-9A0B1C2D3E4F}.Release|x64.Build.0 = Release|Any CPU
		{9C0D1E2F-3A4B-5C6D-7E8F-9A0B1C2D3E4F}.Release|x86.ActiveCfg = Release|Any CPU
		{9C0D1E2F-3A4B-5C6D-7E8F-9A0B1C2D3E4F}.Release|x86.Build.0 = Release|Any CPU
		{0D1E2F3A-4B5C-6D7E-8F9A-0B1C2D3E4F5A}.Debug|Any CPU.ActiveCfg = Debug|Any CPU
		{0D1E2F3A-4B5C-6D7E-8F9A-0B1C2D3E4F5A}.Debug|Any CPU.Build.0 = Debug|Any CPU
		{0D1E2F3A-4B5C-6D7E-8F9A-0B1C2D3E4F5A}.Debug|x64.ActiveCfg = Debug|Any CPU
		{0D1E2F3A-4B5C-6D7E-8F9A-0B1C2D3E4F5A}.Debug|x64.Build.0 = Debug|Any CPU
		{0D1E2F3A-4B5C-6D7E-8F9A-0B1C2D3E4F5A}.Debug|x86.ActiveCfg = Debug|Any CPU
		{0D1E2F3A-4B5C-6D7E-8F9A-0B1C2D3E4F5A}.Debug|x86.Build.0 = Debug|Any CPU
		{0D1E2F3A-4B5C-6D7E-8F9A-0B1C2D3E4F5A}.Release|Any CPU.ActiveCfg = Release|Any CPU
		{0D1E2F3A-4B5C-6D7E-8F9A-0B1C2D3E4F5A}.Release|Any CPU.Build.0 = Release|Any CPU
		{0D1E2F3A-4B5C-6D7E-8F9A-0B1C2D3E4F5A}.Release|x64.ActiveCfg = Release|Any CPU
		{0D1E2F3A-4B5C-6D7E-8F9A-0B1C2D3E4F5A}.Release|x64.Build.0 = Release|Any CPU
		{0D1E2F3A-4B5C-6D7E-8F9A-0B1C2D3E4F5A}.Release|x86.ActiveCfg = Release|Any CPU
		{0D1E2F3A-4B5C-6D7E-8F9A-0B1C2D3E4F5A}.Release|x86.Build.0 = Release|Any CPU
		{4B5C6D7E-8F9A-0B1C-2D3E-4F5A6B7C8D9E}.Debug|Any CPU.ActiveCfg = Debug|Any CPU
		{4B5C6D7E-8F9A-0B1C-2D3E-4F5A6B7C8D9E}.Debug|Any CPU.Build.0 = Debug|Any CPU
		{4B5C6D7E-8F9A-0B1C-2D3E-4F5A6B7C8D9E}.Debug|x64.ActiveCfg = Debug|Any CPU
		{4B5C6D7E-8F9A-0B1C-2D3E-4F5A6B7C8D9E}.Debug|x64.Build.0 = Debug|Any CPU
		{4B5C6D7E-8F9A-0B1C-2D3E-4F5A6B7C8D9E}.Debug|x86.ActiveCfg = Debug|Any CPU
		{4B5C6D7E-8F9A-0B1C-2D3E-4F5A6B7C8D9E}.Debug|x86.Build.0 = Debug|Any CPU
		{4B5C6D7E-8F9A-0B1C-2D3E-4F5A6B7C8D9E}.Release|Any CPU.ActiveCfg = Release|Any CPU
		{4B5C6D7E-8F9A-0B1C-2D3E-4F5A6B7C8D9E}.Release|Any CPU.Build.0 = Release|Any CPU
		{4B5C6D7E-8F9A-0B1C-2D3E-4F5A6B7C8D9E}.Release|x64.ActiveCfg = Release|Any CPU
		{4B5C6D7E-8F9A-0B1C-2D3E-4F5A6B7C8D9E}.Release|x64.Build.0 = Release|Any CPU
		{4B5C6D7E-8F9A-0B1C-2D3E-4F5A6B7C8D9E}.Release|x86.ActiveCfg = Release|Any CPU
		{4B5C6D7E-8F9A-0B1C-2D3E-4F5A6B7C8D9E}.Release|x86.Build.0 = Release|Any CPU
		{5C6D7E8F-9A0B-1C2D-3E4F-5A6B7C8D9E0F}.Debug|Any CPU.ActiveCfg = Debug|Any CPU
		{5C6D7E8F-9A0B-1C2D-3E4F-5A6B7C8D9E0F}.Debug|Any CPU.Build.0 = Debug|Any CPU
		{5C6D7E8F-9A0B-1C2D-3E4F-5A6B7C8D9E0F}.Debug|x64.ActiveCfg = Debug|Any CPU
		{5C6D7E8F-9A0B-1C2D-3E4F-5A6B7C8D9E0F}.Debug|x64.Build.0 = Debug|Any CPU
		{5C6D7E8F-9A0B-1C2D-3E4F-5A6B7C8D9E0F}.Debug|x86.ActiveCfg = Debug|Any CPU
		{5C6D7E8F-9A0B-1C2D-3E4F-5A6B7C8D9E0F}.Debug|x86.Build.0 = Debug|Any CPU
		{5C6D7E8F-9A0B-1C2D-3E4F-5A6B7C8D9E0F}.Release|Any CPU.ActiveCfg = Release|Any CPU
		{5C6D7E8F-9A0B-1C2D-3E4F-5A6B7C8D9E0F}.Release|Any CPU.Build.0 = Release|Any CPU
		{5C6D7E8F-9A0B-1C2D-3E4F-5A6B7C8D9E0F}.Release|x64.ActiveCfg = Release|Any CPU
		{5C6D7E8F-9A0B-1C2D-3E4F-5A6B7C8D9E0F}.Release|x64.Build.0 = Release|Any CPU
		{5C6D7E8F-9A0B-1C2D-3E4F-5A6B7C8D9E0F}.Release|x86.ActiveCfg = Release|Any CPU
		{5C6D7E8F-9A0B-1C2D-3E4F-5A6B7C8D9E0F}.Release|x86.Build.0 = Release|Any CPU
		{6D7E8F9A-0B1C-2D3E-4F5A-6B7C8D9E0F1A}.Debug|Any CPU.ActiveCfg = Debug|Any CPU
		{6D7E8F9A-0B1C-2D3E-4F5A-6B7C8D9E0F1A}.Debug|Any CPU.Build.0 = Debug|Any CPU
		{6D7E8F9A-0B1C-2D3E-4F5A-6B7C8D9E0F1A}.Debug|x64.ActiveCfg = Debug|Any CPU
		{6D7E8F9A-0B1C-2D3E-4F5A-6B7C8D9E0F1A}.Debug|x64.Build.0 = Debug|Any CPU
		{6D7E8F9A-0B1C-2D3E-4F5A-6B7C8D9E0F1A}.Debug|x86.ActiveCfg = Debug|Any CPU
		{6D7E8F9A-0B1C-2D3E-4F5A-6B7C8D9E0F1A}.Debug|x86.Build.0 = Debug|Any CPU
		{6D7E8F9A-0B1C-2D3E-4F5A-6B7C8D9E0F1A}.Release|Any CPU.ActiveCfg = Release|Any CPU
		{6D7E8F9A-0B1C-2D3E-4F5A-6B7C8D9E0F1A}.Release|Any CPU.Build.0 = Release|Any CPU
		{6D7E8F9A-0B1C-2D3E-4F5A-6B7C8D9E0F1A}.Release|x64.ActiveCfg = Release|Any CPU
		{6D7E8F9A-0B1C-2D3E-4F5A-6B7C8D9E0F1A}.Release|x64.Build.0 = Release|Any CPU
		{6D7E8F9A-0B1C-2D3E-4F5A-6B7C8D9E0F1A}.Release|x86.ActiveCfg = Release|Any CPU
		{6D7E8F9A-0B1C-2D3E-4F5A-6B7C8D9E0F1A}.Release|x86.Build.0 = Release|Any CPU
		{FC1B553D-7BB3-4ED7-984F-33299DEEE9EF}.Debug|Any CPU.ActiveCfg = Debug|Any CPU
		{FC1B553D-7BB3-4ED7-984F-33299DEEE9EF}.Debug|Any CPU.Build.0 = Debug|Any CPU
		{FC1B553D-7BB3-4ED7-984F-33299DEEE9EF}.Debug|x64.ActiveCfg = Debug|Any CPU
		{FC1B553D-7BB3-4ED7-984F-33299DEEE9EF}.Debug|x64.Build.0 = Debug|Any CPU
		{FC1B553D-7BB3-4ED7-984F-33299DEEE9EF}.Debug|x86.ActiveCfg = Debug|Any CPU
		{FC1B553D-7BB3-4ED7-984F-33299DEEE9EF}.Debug|x86.Build.0 = Debug|Any CPU
		{FC1B553D-7BB3-4ED7-984F-33299DEEE9EF}.Release|Any CPU.ActiveCfg = Release|Any CPU
		{FC1B553D-7BB3-4ED7-984F-33299DEEE9EF}.Release|Any CPU.Build.0 = Release|Any CPU
		{FC1B553D-7BB3-4ED7-984F-33299DEEE9EF}.Release|x64.ActiveCfg = Release|Any CPU
		{FC1B553D-7BB3-4ED7-984F-33299DEEE9EF}.Release|x64.Build.0 = Release|Any CPU
		{FC1B553D-7BB3-4ED7-984F-33299DEEE9EF}.Release|x86.ActiveCfg = Release|Any CPU
		{FC1B553D-7BB3-4ED7-984F-33299DEEE9EF}.Release|x86.Build.0 = Release|Any CPU
	EndGlobalSection
	GlobalSection(SolutionProperties) = preSolution
		HideSolutionNode = FALSE
	EndGlobalSection
	GlobalSection(NestedProjects) = preSolution
		{1A2B3C4D-5E6F-7A8B-9C0D-1E2F3A4B5C6D} = {2F3A4B5C-6D7E-8F9A-0B1C-2D3E4F5A6B7C}
		{2B3C4D5E-6F7A-8B9C-0D1E-2F3A4B5C6D7E} = {2F3A4B5C-6D7E-8F9A-0B1C-2D3E4F5A6B7C}
		{3C4D5E6F-7A8B-9C0D-1E2F-3A4B5C6D7E8F} = {2F3A4B5C-6D7E-8F9A-0B1C-2D3E4F5A6B7C}
		{4D5E6F7A-8B9C-0D1E-2F3A-4B5C6D7E8F9A} = {2F3A4B5C-6D7E-8F9A-0B1C-2D3E4F5A6B7C}
		{5E6F7A8B-9C0D-1E2F-3A4B-5C6D7E8F9A0B} = {2F3A4B5C-6D7E-8F9A-0B1C-2D3E4F5A6B7C}
		{6F7A8B9C-0D1E-2F3A-4B5C-6D7E8F9A0B1C} = {2F3A4B5C-6D7E-8F9A-0B1C-2D3E4F5A6B7C}
		{7A8B9C0D-1E2F-3A4B-5C6D-7E8F9A0B1C2D} = {2F3A4B5C-6D7E-8F9A-0B1C-2D3E4F5A6B7C}
		{8B9C0D1E-2F3A-4B5C-6D7E-8F9A0B1C2D3E} = {2F3A4B5C-6D7E-8F9A-0B1C-2D3E4F5A6B7C}
		{9C0D1E2F-3A4B-5C6D-7E8F-9A0B1C2D3E4F} = {2F3A4B5C-6D7E-8F9A-0B1C-2D3E4F5A6B7C}
		{0D1E2F3A-4B5C-6D7E-8F9A-0B1C2D3E4F5A} = {2F3A4B5C-6D7E-8F9A-0B1C-2D3E4F5A6B7C}
		{4B5C6D7E-8F9A-0B1C-2D3E-4F5A6B7C8D9E} = {3A4B5C6D-7E8F-9A0B-1C2D-3E4F5A6B7C8D}
		{5C6D7E8F-9A0B-1C2D-3E4F-5A6B7C8D9E0F} = {3A4B5C6D-7E8F-9A0B-1C2D-3E4F5A6B7C8D}
		{6D7E8F9A-0B1C-2D3E-4F5A-6B7C8D9E0F1A} = {3A4B5C6D-7E8F-9A0B-1C2D-3E4F5A6B7C8D}
		{FC1B553D-7BB3-4ED7-984F-33299DEEE9EF} = {3A4B5C6D-7E8F-9A0B-1C2D-3E4F5A6B7C8D}
	EndGlobalSection
EndGlobal
